
Microsoft Visual Studio Solution File, Format Version 12.00
# Visual Studio Version 16
VisualStudioVersion = 16.0.31829.152
MinimumVisualStudioVersion = 10.0.40219.1
Project("{FAE04EC0-301F-11D3-BF4B-00C04F79EFBC}") = "InternLookup", "InternLookup\InternLookup.csproj", "{CE8D58E7-91FD-48DE-B80D-524BADA35F42}"
EndProject
Global
	GlobalSection(SolutionConfigurationPlatforms) = preSolution
		Debug|Any CPU = Debug|Any CPU
		Release|Any CPU = Release|Any CPU
	EndGlobalSection
	GlobalSection(ProjectConfigurationPlatforms) = postSolution
		{CE8D58E7-91FD-48DE-B80D-524BADA35F42}.Debug|Any CPU.ActiveCfg = Debug|Any CPU
		{CE8D58E7-91FD-48DE-B80D-524BADA35F42}.Debug|Any CPU.Build.0 = Debug|Any CPU
		{CE8D58E7-91FD-48DE-B80D-524BADA35F42}.Release|Any CPU.ActiveCfg = Release|Any CPU
		{CE8D58E7-91FD-48DE-B80D-524BADA35F42}.Release|Any CPU.Build.0 = Release|Any CPU
	EndGlobalSection
	GlobalSection(SolutionProperties) = preSolution
		HideSolutionNode = FALSE
	EndGlobalSection
	GlobalSection(ExtensibilityGlobals) = postSolution
		SolutionGuid = {8142A0C1-0DC0-4B4D-AC63-942BC42B8921}
	EndGlobalSection
EndGlobal
